
Microsoft Visual Studio Solution File, Format Version 12.00
# Visual Studio Version 16
VisualStudioVersion = 16.0.29519.181
MinimumVisualStudioVersion = 10.0.40219.1
Project("{FAE04EC0-301F-11D3-BF4B-00C04F79EFBC}") = "SearchFiles", "SearchFiles\SearchFiles.csproj", "{9642B0ED-7DC8-4F70-A575-418683122473}"
EndProject
Global
	GlobalSection(SolutionConfigurationPlatforms) = preSolution
		Debug|Any CPU = Debug|Any CPU
		Release|Any CPU = Release|Any CPU
	EndGlobalSection
	GlobalSection(ProjectConfigurationPlatforms) = postSolution
		{9642B0ED-7DC8-4F70-A575-418683122473}.Debug|Any CPU.ActiveCfg = Debug|Any CPU
		{9642B0ED-7DC8-4F70-A575-418683122473}.Debug|Any CPU.Build.0 = Debug|Any CPU
		{9642B0ED-7DC8-4F70-A575-418683122473}.Release|Any CPU.ActiveCfg = Release|Any CPU
		{9642B0ED-7DC8-4F70-A575-418683122473}.Release|Any CPU.Build.0 = Release|Any CPU
	EndGlobalSection
	GlobalSection(SolutionProperties) = preSolution
		HideSolutionNode = FALSE
	EndGlobalSection
	GlobalSection(ExtensibilityGlobals) = postSolution
		SolutionGuid = {2EAC011A-C5E3-41EF-80A3-20746394B6CA}
	EndGlobalSection
EndGlobal
